// !$*UTF8*$!
{
	archiveVersion = 1;
	classes = {
	};
	objectVersion = 48;
	objects = {

/* Begin PBXBuildFile section */
		8403A8ED2472AFBF001F2BBE /* UIBut+Extention.swift in Sources */ = {isa = PBXBuildFile; fileRef = 8403A8EC2472AFBF001F2BBE /* UIBut+Extention.swift */; };
		841C1715242DDF1400EE51CA /* AppDelegate.swift in Sources */ = {isa = PBXBuildFile; fileRef = 841C1714242DDF1400EE51CA /* AppDelegate.swift */; };
		841C1717242DDF1400EE51CA /* ViewController.swift in Sources */ = {isa = PBXBuildFile; fileRef = 841C1716242DDF1400EE51CA /* ViewController.swift */; };
		841C171A242DDF1400EE51CA /* Main.storyboard in Resources */ = {isa = PBXBuildFile; fileRef = 841C1718242DDF1400EE51CA /* Main.storyboard */; };
		841C171C242DDF1400EE51CA /* Assets.xcassets in Resources */ = {isa = PBXBuildFile; fileRef = 841C171B242DDF1400EE51CA /* Assets.xcassets */; };
		841C171F242DDF1400EE51CA /* LaunchScreen.storyboard in Resources */ = {isa = PBXBuildFile; fileRef = 841C171D242DDF1400EE51CA /* LaunchScreen.storyboard */; };
		844798D9247780FF00F3206B /* NetworkTools.swift in Sources */ = {isa = PBXBuildFile; fileRef = 844798D8247780FF00F3206B /* NetworkTools.swift */; };
		8450C30B244CA6D10073EB9A /* MainViewController.swift in Sources */ = {isa = PBXBuildFile; fileRef = 8450C30A244CA6D10073EB9A /* MainViewController.swift */; };
		8450C30D244CA7370073EB9A /* DiscoverTableViewController.swift in Sources */ = {isa = PBXBuildFile; fileRef = 8450C30C244CA7370073EB9A /* DiscoverTableViewController.swift */; };
		8450C30F244CA74F0073EB9A /* HomeTableViewController.swift in Sources */ = {isa = PBXBuildFile; fileRef = 8450C30E244CA74F0073EB9A /* HomeTableViewController.swift */; };
		8450C311244CA7640073EB9A /* MessageTableViewController.swift in Sources */ = {isa = PBXBuildFile; fileRef = 8450C310244CA7640073EB9A /* MessageTableViewController.swift */; };
		8450C313244CA7750073EB9A /* ProfileTableViewController.swift in Sources */ = {isa = PBXBuildFile; fileRef = 8450C312244CA7750073EB9A /* ProfileTableViewController.swift */; };
		84B2A8BE248BCD86000DF6CA /* UserAccount.swift in Sources */ = {isa = PBXBuildFile; fileRef = 84B2A8BD248BCD86000DF6CA /* UserAccount.swift */; };
		84B2A8C024968521000DF6CA /* UserAccountViewModel.swift in Sources */ = {isa = PBXBuildFile; fileRef = 84B2A8BF24968520000DF6CA /* UserAccountViewModel.swift */; };
		84B2A8C3249FBED2000DF6CA /* NewFeatureViewController.swift in Sources */ = {isa = PBXBuildFile; fileRef = 84B2A8C2249FBED2000DF6CA /* NewFeatureViewController.swift */; };
		84C37B2D2472C1B600E30D56 /* VisitorTableViewController.swift in Sources */ = {isa = PBXBuildFile; fileRef = 84C37B2C2472C1B600E30D56 /* VisitorTableViewController.swift */; };
		84C37B2F2472C32600E30D56 /* VisitorView.swift in Sources */ = {isa = PBXBuildFile; fileRef = 84C37B2E2472C32600E30D56 /* VisitorView.swift */; };
		84FEB21F248961E90006222E /* OAuthViewController.swift in Sources */ = {isa = PBXBuildFile; fileRef = 84FEB21E248961E90006222E /* OAuthViewController.swift */; };
		D8E1212722F168D90D6F4F6B /* Pods_moreant.framework in Frameworks */ = {isa = PBXBuildFile; fileRef = 91C9B15C12CCEC632609D11D /* Pods_moreant.framework */; };
/* End PBXBuildFile section */

/* Begin PBXFileReference section */
		8403A8EC2472AFBF001F2BBE /* UIBut+Extention.swift */ = {isa = PBXFileReference; lastKnownFileType = sourcecode.swift; path = "UIBut+Extention.swift"; sourceTree = "<group>"; };
		841C1711242DDF1400EE51CA /* moreant.app */ = {isa = PBXFileReference; explicitFileType = wrapper.application; includeInIndex = 0; path = moreant.app; sourceTree = BUILT_PRODUCTS_DIR; };
		841C1714242DDF1400EE51CA /* AppDelegate.swift */ = {isa = PBXFileReference; lastKnownFileType = sourcecode.swift; path = AppDelegate.swift; sourceTree = "<group>"; };
		841C1716242DDF1400EE51CA /* ViewController.swift */ = {isa = PBXFileReference; lastKnownFileType = sourcecode.swift; path = ViewController.swift; sourceTree = "<group>"; };
		841C1719242DDF1400EE51CA /* Base */ = {isa = PBXFileReference; lastKnownFileType = file.storyboard; name = Base; path = Base.lproj/Main.storyboard; sourceTree = "<group>"; };
		841C171B242DDF1400EE51CA /* Assets.xcassets */ = {isa = PBXFileReference; lastKnownFileType = folder.assetcatalog; path = Assets.xcassets; sourceTree = "<group>"; };
		841C171E242DDF1400EE51CA /* Base */ = {isa = PBXFileReference; lastKnownFileType = file.storyboard; name = Base; path = Base.lproj/LaunchScreen.storyboard; sourceTree = "<group>"; };
		841C1720242DDF1400EE51CA /* Info.plist */ = {isa = PBXFileReference; lastKnownFileType = text.plist.xml; path = Info.plist; sourceTree = "<group>"; };
		844798D8247780FF00F3206B /* NetworkTools.swift */ = {isa = PBXFileReference; lastKnownFileType = sourcecode.swift; path = NetworkTools.swift; sourceTree = "<group>"; };
		8450C30A244CA6D10073EB9A /* MainViewController.swift */ = {isa = PBXFileReference; lastKnownFileType = sourcecode.swift; path = MainViewController.swift; sourceTree = "<group>"; };
		8450C30C244CA7370073EB9A /* DiscoverTableViewController.swift */ = {isa = PBXFileReference; lastKnownFileType = sourcecode.swift; path = DiscoverTableViewController.swift; sourceTree = "<group>"; };
		8450C30E244CA74F0073EB9A /* HomeTableViewController.swift */ = {isa = PBXFileReference; lastKnownFileType = sourcecode.swift; path = HomeTableViewController.swift; sourceTree = "<group>"; };
		8450C310244CA7640073EB9A /* MessageTableViewController.swift */ = {isa = PBXFileReference; lastKnownFileType = sourcecode.swift; path = MessageTableViewController.swift; sourceTree = "<group>"; };
		8450C312244CA7750073EB9A /* ProfileTableViewController.swift */ = {isa = PBXFileReference; lastKnownFileType = sourcecode.swift; path = ProfileTableViewController.swift; sourceTree = "<group>"; };
		84B2A8BD248BCD86000DF6CA /* UserAccount.swift */ = {isa = PBXFileReference; lastKnownFileType = sourcecode.swift; path = UserAccount.swift; sourceTree = "<group>"; };
		84B2A8BF24968520000DF6CA /* UserAccountViewModel.swift */ = {isa = PBXFileReference; lastKnownFileType = sourcecode.swift; path = UserAccountViewModel.swift; sourceTree = "<group>"; };
		84B2A8C2249FBED2000DF6CA /* NewFeatureViewController.swift */ = {isa = PBXFileReference; lastKnownFileType = sourcecode.swift; path = NewFeatureViewController.swift; sourceTree = "<group>"; };
		84C37B2C2472C1B600E30D56 /* VisitorTableViewController.swift */ = {isa = PBXFileReference; lastKnownFileType = sourcecode.swift; path = VisitorTableViewController.swift; sourceTree = "<group>"; };
		84C37B2E2472C32600E30D56 /* VisitorView.swift */ = {isa = PBXFileReference; lastKnownFileType = sourcecode.swift; path = VisitorView.swift; sourceTree = "<group>"; };
		84FEB21E248961E90006222E /* OAuthViewController.swift */ = {isa = PBXFileReference; lastKnownFileType = sourcecode.swift; path = OAuthViewController.swift; sourceTree = "<group>"; };
		91C9B15C12CCEC632609D11D /* Pods_moreant.framework */ = {isa = PBXFileReference; explicitFileType = wrapper.framework; includeInIndex = 0; path = Pods_moreant.framework; sourceTree = BUILT_PRODUCTS_DIR; };
		B4A0310FC18F0CCB0BCCBC12 /* Pods-moreant.release.xcconfig */ = {isa = PBXFileReference; includeInIndex = 1; lastKnownFileType = text.xcconfig; name = "Pods-moreant.release.xcconfig"; path = "Pods/Target Support Files/Pods-moreant/Pods-moreant.release.xcconfig"; sourceTree = "<group>"; };
		FDF33E1F53CA37EFA3149AF8 /* Pods-moreant.debug.xcconfig */ = {isa = PBXFileReference; includeInIndex = 1; lastKnownFileType = text.xcconfig; name = "Pods-moreant.debug.xcconfig"; path = "Pods/Target Support Files/Pods-moreant/Pods-moreant.debug.xcconfig"; sourceTree = "<group>"; };
/* End PBXFileReference section */

/* Begin PBXFrameworksBuildPhase section */
		841C170E242DDF1400EE51CA /* Frameworks */ = {
			isa = PBXFrameworksBuildPhase;
			buildActionMask = 2147483647;
			files = (
				D8E1212722F168D90D6F4F6B /* Pods_moreant.framework in Frameworks */,
			);
			runOnlyForDeploymentPostprocessing = 0;
		};
/* End PBXFrameworksBuildPhase section */

/* Begin PBXGroup section */
		4EA6ED46C83B594F9CE3D745 /* Pods */ = {
			isa = PBXGroup;
			children = (
				FDF33E1F53CA37EFA3149AF8 /* Pods-moreant.debug.xcconfig */,
				B4A0310FC18F0CCB0BCCBC12 /* Pods-moreant.release.xcconfig */,
			);
			name = Pods;
			sourceTree = "<group>";
		};
		8403A8EB2472AF88001F2BBE /* Extension */ = {
			isa = PBXGroup;
			children = (
				8403A8EC2472AFBF001F2BBE /* UIBut+Extention.swift */,
			);
			path = Extension;
			sourceTree = "<group>";
		};
		841C1708242DDF1400EE51CA = {
			isa = PBXGroup;
			children = (
				841C1713242DDF1400EE51CA /* moreant */,
				841C1712242DDF1400EE51CA /* Products */,
				4EA6ED46C83B594F9CE3D745 /* Pods */,
				A5C64B6D66EF20A84597C618 /* Frameworks */,
			);
			sourceTree = "<group>";
		};
		841C1712242DDF1400EE51CA /* Products */ = {
			isa = PBXGroup;
			children = (
				841C1711242DDF1400EE51CA /* moreant.app */,
			);
			name = Products;
			sourceTree = "<group>";
		};
		841C1713242DDF1400EE51CA /* moreant */ = {
			isa = PBXGroup;
			children = (
				8450C2FE244A14440073EB9A /* Classes */,
				841C1714242DDF1400EE51CA /* AppDelegate.swift */,
				841C1716242DDF1400EE51CA /* ViewController.swift */,
				841C1718242DDF1400EE51CA /* Main.storyboard */,
				841C171B242DDF1400EE51CA /* Assets.xcassets */,
				841C171D242DDF1400EE51CA /* LaunchScreen.storyboard */,
				841C1720242DDF1400EE51CA /* Info.plist */,
			);
			path = moreant;
			sourceTree = "<group>";
		};
		8450C2FE244A14440073EB9A /* Classes */ = {
			isa = PBXGroup;
			children = (
				8450C302244A14990073EB9A /* Viewmodel */,
				8450C301244A14880073EB9A /* Views */,
				8450C300244A14800073EB9A /* Tools */,
				8450C2FF244A146B0073EB9A /* Model */,
			);
			path = Classes;
			sourceTree = "<group>";
		};
		8450C2FF244A146B0073EB9A /* Model */ = {
			isa = PBXGroup;
			children = (
				84B2A8BD248BCD86000DF6CA /* UserAccount.swift */,
			);
			path = Model;
			sourceTree = "<group>";
		};
		8450C300244A14800073EB9A /* Tools */ = {
			isa = PBXGroup;
			children = (
				8403A8EB2472AF88001F2BBE /* Extension */,
				844798D8247780FF00F3206B /* NetworkTools.swift */,
			);
			path = Tools;
			sourceTree = "<group>";
		};
		8450C301244A14880073EB9A /* Views */ = {
			isa = PBXGroup;
			children = (
				84FEB21D2489618D0006222E /* OAuth */,
				8450C307244A14DC0073EB9A /* Profile */,
				8450C306244A14CD0073EB9A /* Message */,
				8450C305244A14C50073EB9A /* Main */,
				8450C304244A14BA0073EB9A /* Home */,
				8450C303244A14AB0073EB9A /* Discover */,
			);
			path = Views;
			sourceTree = "<group>";
		};
		8450C302244A14990073EB9A /* Viewmodel */ = {
			isa = PBXGroup;
			children = (
				84B2A8BF24968520000DF6CA /* UserAccountViewModel.swift */,
			);
			path = Viewmodel;
			sourceTree = "<group>";
		};
		8450C303244A14AB0073EB9A /* Discover */ = {
			isa = PBXGroup;
			children = (
				8450C30C244CA7370073EB9A /* DiscoverTableViewController.swift */,
			);
			path = Discover;
			sourceTree = "<group>";
		};
		8450C304244A14BA0073EB9A /* Home */ = {
			isa = PBXGroup;
			children = (
				8450C30E244CA74F0073EB9A /* HomeTableViewController.swift */,
			);
			path = Home;
			sourceTree = "<group>";
		};
		8450C305244A14C50073EB9A /* Main */ = {
			isa = PBXGroup;
			children = (
				84B2A8C1249FBE12000DF6CA /* NewFeature */,
				84C37B2B2472C16C00E30D56 /* Visitor */,
				8450C30A244CA6D10073EB9A /* MainViewController.swift */,
			);
			path = Main;
			sourceTree = "<group>";
		};
		8450C306244A14CD0073EB9A /* Message */ = {
			isa = PBXGroup;
			children = (
				8450C310244CA7640073EB9A /* MessageTableViewController.swift */,
			);
			path = Message;
			sourceTree = "<group>";
		};
		8450C307244A14DC0073EB9A /* Profile */ = {
			isa = PBXGroup;
			children = (
				8450C312244CA7750073EB9A /* ProfileTableViewController.swift */,
			);
			path = Profile;
			sourceTree = "<group>";
		};
		84B2A8C1249FBE12000DF6CA /* NewFeature */ = {
			isa = PBXGroup;
			children = (
				84B2A8C2249FBED2000DF6CA /* NewFeatureViewController.swift */,
			);
			path = NewFeature;
			sourceTree = "<group>";
		};
		84C37B2B2472C16C00E30D56 /* Visitor */ = {
			isa = PBXGroup;
			children = (
				84C37B2C2472C1B600E30D56 /* VisitorTableViewController.swift */,
				84C37B2E2472C32600E30D56 /* VisitorView.swift */,
			);
			path = Visitor;
			sourceTree = "<group>";
		};
		84FEB21D2489618D0006222E /* OAuth */ = {
			isa = PBXGroup;
			children = (
				84FEB21E248961E90006222E /* OAuthViewController.swift */,
			);
			path = OAuth;
			sourceTree = "<group>";
		};
		A5C64B6D66EF20A84597C618 /* Frameworks */ = {
			isa = PBXGroup;
			children = (
				91C9B15C12CCEC632609D11D /* Pods_moreant.framework */,
			);
			name = Frameworks;
			sourceTree = "<group>";
		};
/* End PBXGroup section */

/* Begin PBXNativeTarget section */
		841C1710242DDF1400EE51CA /* moreant */ = {
			isa = PBXNativeTarget;
			buildConfigurationList = 841C1723242DDF1400EE51CA /* Build configuration list for PBXNativeTarget "moreant" */;
			buildPhases = (
				0264191A24948C0DCABF1ECA /* [CP] Check Pods Manifest.lock */,
				841C170D242DDF1400EE51CA /* Sources */,
				841C170E242DDF1400EE51CA /* Frameworks */,
				841C170F242DDF1400EE51CA /* Resources */,
				F1247F2599BEE1EA64DFDEAF /* [CP] Embed Pods Frameworks */,
				75892B1176DAFBD53E701956 /* [CP] Copy Pods Resources */,
			);
			buildRules = (
			);
			dependencies = (
			);
			name = moreant;
			productName = moreant;
			productReference = 841C1711242DDF1400EE51CA /* moreant.app */;
			productType = "com.apple.product-type.application";
		};
/* End PBXNativeTarget section */

/* Begin PBXProject section */
		841C1709242DDF1400EE51CA /* Project object */ = {
			isa = PBXProject;
			attributes = {
				LastSwiftUpdateCheck = 0910;
				LastUpgradeCheck = 0910;
				ORGANIZATIONNAME = admin;
				TargetAttributes = {
					841C1710242DDF1400EE51CA = {
						CreatedOnToolsVersion = 9.1;
						ProvisioningStyle = Automatic;
					};
				};
			};
			buildConfigurationList = 841C170C242DDF1400EE51CA /* Build configuration list for PBXProject "moreant" */;
			compatibilityVersion = "Xcode 8.0";
			developmentRegion = en;
			hasScannedForEncodings = 0;
			knownRegions = (
				en,
				Base,
			);
			mainGroup = 841C1708242DDF1400EE51CA;
			productRefGroup = 841C1712242DDF1400EE51CA /* Products */;
			projectDirPath = "";
			projectRoot = "";
			targets = (
				841C1710242DDF1400EE51CA /* moreant */,
			);
		};
/* End PBXProject section */

/* Begin PBXResourcesBuildPhase section */
		841C170F242DDF1400EE51CA /* Resources */ = {
			isa = PBXResourcesBuildPhase;
			buildActionMask = 2147483647;
			files = (
				841C171F242DDF1400EE51CA /* LaunchScreen.storyboard in Resources */,
				841C171C242DDF1400EE51CA /* Assets.xcassets in Resources */,
				841C171A242DDF1400EE51CA /* Main.storyboard in Resources */,
			);
			runOnlyForDeploymentPostprocessing = 0;
		};
/* End PBXResourcesBuildPhase section */

/* Begin PBXShellScriptBuildPhase section */
		0264191A24948C0DCABF1ECA /* [CP] Check Pods Manifest.lock */ = {
			isa = PBXShellScriptBuildPhase;
			buildActionMask = 2147483647;
			files = (
			);
			inputPaths = (
				"${PODS_PODFILE_DIR_PATH}/Podfile.lock",
				"${PODS_ROOT}/Manifest.lock",
			);
			name = "[CP] Check Pods Manifest.lock";
			outputPaths = (
				"$(DERIVED_FILE_DIR)/Pods-moreant-checkManifestLockResult.txt",
			);
			runOnlyForDeploymentPostprocessing = 0;
			shellPath = /bin/sh;
			shellScript = "diff \"${PODS_PODFILE_DIR_PATH}/Podfile.lock\" \"${PODS_ROOT}/Manifest.lock\" > /dev/null\nif [ $? != 0 ] ; then\n    # print error to STDERR\n    echo \"error: The sandbox is not in sync with the Podfile.lock. Run 'pod install' or update your CocoaPods installation.\" >&2\n    exit 1\nfi\n# This output is used by Xcode 'outputs' to avoid re-running this script phase.\necho \"SUCCESS\" > \"${SCRIPT_OUTPUT_FILE_0}\"\n";
			showEnvVarsInLog = 0;
		};
		75892B1176DAFBD53E701956 /* [CP] Copy Pods Resources */ = {
			isa = PBXShellScriptBuildPhase;
			buildActionMask = 2147483647;
			files = (
			);
			inputPaths = (
			);
			name = "[CP] Copy Pods Resources";
			outputPaths = (
			);
			runOnlyForDeploymentPostprocessing = 0;
			shellPath = /bin/sh;
			shellScript = "\"${SRCROOT}/Pods/Target Support Files/Pods-moreant/Pods-moreant-resources.sh\"\n";
			showEnvVarsInLog = 0;
		};
		F1247F2599BEE1EA64DFDEAF /* [CP] Embed Pods Frameworks */ = {
			isa = PBXShellScriptBuildPhase;
			buildActionMask = 2147483647;
			files = (
			);
			inputPaths = (
				"${SRCROOT}/Pods/Target Support Files/Pods-moreant/Pods-moreant-frameworks.sh",
				"${BUILT_PRODUCTS_DIR}/AFNetworking/AFNetworking.framework",
			);
			name = "[CP] Embed Pods Frameworks";
			outputPaths = (
				"${TARGET_BUILD_DIR}/${FRAMEWORKS_FOLDER_PATH}/AFNetworking.framework",
			);
			runOnlyForDeploymentPostprocessing = 0;
			shellPath = /bin/sh;
			shellScript = "\"${SRCROOT}/Pods/Target Support Files/Pods-moreant/Pods-moreant-frameworks.sh\"\n";
			showEnvVarsInLog = 0;
		};
/* End PBXShellScriptBuildPhase section */

/* Begin PBXSourcesBuildPhase section */
		841C170D242DDF1400EE51CA /* Sources */ = {
			isa = PBXSourcesBuildPhase;
			buildActionMask = 2147483647;
			files = (
				8450C313244CA7750073EB9A /* ProfileTableViewController.swift in Sources */,
				844798D9247780FF00F3206B /* NetworkTools.swift in Sources */,
				8450C30B244CA6D10073EB9A /* MainViewController.swift in Sources */,
				84C37B2D2472C1B600E30D56 /* VisitorTableViewController.swift in Sources */,
				84FEB21F248961E90006222E /* OAuthViewController.swift in Sources */,
				84B2A8BE248BCD86000DF6CA /* UserAccount.swift in Sources */,
				8403A8ED2472AFBF001F2BBE /* UIBut+Extention.swift in Sources */,
				84B2A8C024968521000DF6CA /* UserAccountViewModel.swift in Sources */,
				841C1717242DDF1400EE51CA /* ViewController.swift in Sources */,
				8450C30D244CA7370073EB9A /* DiscoverTableViewController.swift in Sources */,
				841C1715242DDF1400EE51CA /* AppDelegate.swift in Sources */,
				84C37B2F2472C32600E30D56 /* VisitorView.swift in Sources */,
				8450C311244CA7640073EB9A /* MessageTableViewController.swift in Sources */,
				84B2A8C3249FBED2000DF6CA /* NewFeatureViewController.swift in Sources */,
				8450C30F244CA74F0073EB9A /* HomeTableViewController.swift in Sources */,
			);
			runOnlyForDeploymentPostprocessing = 0;
		};
/* End PBXSourcesBuildPhase section */

/* Begin PBXVariantGroup section */
		841C1718242DDF1400EE51CA /* Main.storyboard */ = {
			isa = PBXVariantGroup;
			children = (
				841C1719242DDF1400EE51CA /* Base */,
			);
			name = Main.storyboard;
			sourceTree = "<group>";
		};
		841C171D242DDF1400EE51CA /* LaunchScreen.storyboard */ = {
			isa = PBXVariantGroup;
			children = (
				841C171E242DDF1400EE51CA /* Base */,
			);
			name = LaunchScreen.storyboard;
			sourceTree = "<group>";
		};
/* End PBXVariantGroup section */

/* Begin XCBuildConfiguration section */
		841C1721242DDF1400EE51CA /* Debug */ = {
			isa = XCBuildConfiguration;
			buildSettings = {
				ALWAYS_SEARCH_USER_PATHS = NO;
				CLANG_ANALYZER_NONNULL = YES;
				CLANG_ANALYZER_NUMBER_OBJECT_CONVERSION = YES_AGGRESSIVE;
				CLANG_CXX_LANGUAGE_STANDARD = "gnu++14";
				CLANG_CXX_LIBRARY = "libc++";
				CLANG_ENABLE_MODULES = YES;
				CLANG_ENABLE_OBJC_ARC = YES;
				CLANG_WARN_BLOCK_CAPTURE_AUTORELEASING = YES;
				CLANG_WARN_BOOL_CONVERSION = YES;
				CLANG_WARN_COMMA = YES;
				CLANG_WARN_CONSTANT_CONVERSION = YES;
				CLANG_WARN_DIRECT_OBJC_ISA_USAGE = YES_ERROR;
				CLANG_WARN_DOCUMENTATION_COMMENTS = YES;
				CLANG_WARN_EMPTY_BODY = YES;
				CLANG_WARN_ENUM_CONVERSION = YES;
				CLANG_WARN_INFINITE_RECURSION = YES;
				CLANG_WARN_INT_CONVERSION = YES;
				CLANG_WARN_NON_LITERAL_NULL_CONVERSION = YES;
				CLANG_WARN_OBJC_LITERAL_CONVERSION = YES;
				CLANG_WARN_OBJC_ROOT_CLASS = YES_ERROR;
				CLANG_WARN_RANGE_LOOP_ANALYSIS = YES;
				CLANG_WARN_STRICT_PROTOTYPES = YES;
				CLANG_WARN_SUSPICIOUS_MOVE = YES;
				CLANG_WARN_UNGUARDED_AVAILABILITY = YES_AGGRESSIVE;
				CLANG_WARN_UNREACHABLE_CODE = YES;
				CLANG_WARN__DUPLICATE_METHOD_MATCH = YES;
				CODE_SIGN_IDENTITY = "iPhone Developer";
				COPY_PHASE_STRIP = NO;
				DEBUG_INFORMATION_FORMAT = dwarf;
				ENABLE_STRICT_OBJC_MSGSEND = YES;
				ENABLE_TESTABILITY = YES;
				GCC_C_LANGUAGE_STANDARD = gnu11;
				GCC_DYNAMIC_NO_PIC = NO;
				GCC_NO_COMMON_BLOCKS = YES;
				GCC_OPTIMIZATION_LEVEL = 0;
				GCC_PREPROCESSOR_DEFINITIONS = (
					"DEBUG=1",
					"$(inherited)",
				);
				GCC_WARN_64_TO_32_BIT_CONVERSION = YES;
				GCC_WARN_ABOUT_RETURN_TYPE = YES_ERROR;
				GCC_WARN_UNDECLARED_SELECTOR = YES;
				GCC_WARN_UNINITIALIZED_AUTOS = YES_AGGRESSIVE;
				GCC_WARN_UNUSED_FUNCTION = YES;
				GCC_WARN_UNUSED_VARIABLE = YES;
				IPHONEOS_DEPLOYMENT_TARGET = 11.1;
				MTL_ENABLE_DEBUG_INFO = YES;
				ONLY_ACTIVE_ARCH = YES;
				SDKROOT = iphoneos;
				SWIFT_ACTIVE_COMPILATION_CONDITIONS = DEBUG;
				SWIFT_OPTIMIZATION_LEVEL = "-Onone";
			};
			name = Debug;
		};
		841C1722242DDF1400EE51CA /* Release */ = {
			isa = XCBuildConfiguration;
			buildSettings = {
				ALWAYS_SEARCH_USER_PATHS = NO;
				CLANG_ANALYZER_NONNULL = YES;
				CLANG_ANALYZER_NUMBER_OBJECT_CONVERSION = YES_AGGRESSIVE;
				CLANG_CXX_LANGUAGE_STANDARD = "gnu++14";
				CLANG_CXX_LIBRARY = "libc++";
				CLANG_ENABLE_MODULES = YES;
				CLANG_ENABLE_OBJC_ARC = YES;
				CLANG_WARN_BLOCK_CAPTURE_AUTORELEASING = YES;
				CLANG_WARN_BOOL_CONVERSION = YES;
				CLANG_WARN_COMMA = YES;
				CLANG_WARN_CONSTANT_CONVERSION = YES;
				CLANG_WARN_DIRECT_OBJC_ISA_USAGE = YES_ERROR;
				CLANG_WARN_DOCUMENTATION_COMMENTS = YES;
				CLANG_WARN_EMPTY_BODY = YES;
				CLANG_WARN_ENUM_CONVERSION = YES;
				CLANG_WARN_INFINITE_RECURSION = YES;
				CLANG_WARN_INT_CONVERSION = YES;
				CLANG_WARN_NON_LITERAL_NULL_CONVERSION = YES;
				CLANG_WARN_OBJC_LITERAL_CONVERSION = YES;
				CLANG_WARN_OBJC_ROOT_CLASS = YES_ERROR;
				CLANG_WARN_RANGE_LOOP_ANALYSIS = YES;
				CLANG_WARN_STRICT_PROTOTYPES = YES;
				CLANG_WARN_SUSPICIOUS_MOVE = YES;
				CLANG_WARN_UNGUARDED_AVAILABILITY = YES_AGGRESSIVE;
				CLANG_WARN_UNREACHABLE_CODE = YES;
				CLANG_WARN__DUPLICATE_METHOD_MATCH = YES;
				CODE_SIGN_IDENTITY = "iPhone Developer";
				COPY_PHASE_STRIP = NO;
				DEBUG_INFORMATION_FORMAT = "dwarf-with-dsym";
				ENABLE_NS_ASSERTIONS = NO;
				ENABLE_STRICT_OBJC_MSGSEND = YES;
				GCC_C_LANGUAGE_STANDARD = gnu11;
				GCC_NO_COMMON_BLOCKS = YES;
				GCC_WARN_64_TO_32_BIT_CONVERSION = YES;
				GCC_WARN_ABOUT_RETURN_TYPE = YES_ERROR;
				GCC_WARN_UNDECLARED_SELECTOR = YES;
				GCC_WARN_UNINITIALIZED_AUTOS = YES_AGGRESSIVE;
				GCC_WARN_UNUSED_FUNCTION = YES;
				GCC_WARN_UNUSED_VARIABLE = YES;
				IPHONEOS_DEPLOYMENT_TARGET = 11.1;
				MTL_ENABLE_DEBUG_INFO = NO;
				SDKROOT = iphoneos;
				SWIFT_OPTIMIZATION_LEVEL = "-Owholemodule";
				VALIDATE_PRODUCT = YES;
			};
			name = Release;
		};
		841C1724242DDF1400EE51CA /* Debug */ = {
			isa = XCBuildConfiguration;
			baseConfigurationReference = FDF33E1F53CA37EFA3149AF8 /* Pods-moreant.debug.xcconfig */;
			buildSettings = {
				ASSETCATALOG_COMPILER_APPICON_NAME = AppIcon;
				ASSETCATALOG_COMPILER_LAUNCHIMAGE_NAME = "Brand Assets";
				CODE_SIGN_STYLE = Automatic;
				INFOPLIST_FILE = moreant/Info.plist;
				LD_RUNPATH_SEARCH_PATHS = "$(inherited) @executable_path/Frameworks";
				PRODUCT_BUNDLE_IDENTIFIER = hello.moreant;
				PRODUCT_NAME = "$(TARGET_NAME)";
				SWIFT_VERSION = 4.0;
				TARGETED_DEVICE_FAMILY = 1;
			};
			name = Debug;
		};
		841C1725242DDF1400EE51CA /* Release */ = {
			isa = XCBuildConfiguration;
			baseConfigurationReference = B4A0310FC18F0CCB0BCCBC12 /* Pods-moreant.release.xcconfig */;
			buildSettings = {
				ASSETCATALOG_COMPILER_APPICON_NAME = AppIcon;
				ASSETCATALOG_COMPILER_LAUNCHIMAGE_NAME = "Brand Assets";
				CODE_SIGN_STYLE = Automatic;
				INFOPLIST_FILE = moreant/Info.plist;
				LD_RUNPATH_SEARCH_PATHS = "$(inherited) @executable_path/Frameworks";
				PRODUCT_BUNDLE_IDENTIFIER = hello.moreant;
				PRODUCT_NAME = "$(TARGET_NAME)";
				SWIFT_VERSION = 4.0;
				TARGETED_DEVICE_FAMILY = 1;
			};
			name = Release;
		};
/* End XCBuildConfiguration section */

/* Begin XCConfigurationList section */
		841C170C242DDF1400EE51CA /* Build configuration list for PBXProject "moreant" */ = {
			isa = XCConfigurationList;
			buildConfigurations = (
				841C1721242DDF1400EE51CA /* Debug */,
				841C1722242DDF1400EE51CA /* Release */,
			);
			defaultConfigurationIsVisible = 0;
			defaultConfigurationName = Release;
		};
		841C1723242DDF1400EE51CA /* Build configuration list for PBXNativeTarget "moreant" */ = {
			isa = XCConfigurationList;
			buildConfigurations = (
				841C1724242DDF1400EE51CA /* Debug */,
				841C1725242DDF1400EE51CA /* Release */,
			);
			defaultConfigurationIsVisible = 0;
			defaultConfigurationName = Release;
		};
/* End XCConfigurationList section */
	};
	rootObject = 841C1709242DDF1400EE51CA /* Project object */;
}
